// !$*UTF8*$!
{
	archiveVersion = 1;
	classes = {
	};
	objectVersion = 46;
	objects = {

/* Begin PBXBuildFile section */
		DF2040A61A1C86B2009BBD82 /* main.m in Sources */ = {isa = PBXBuildFile; fileRef = DF2040A51A1C86B2009BBD82 /* main.m */; };
		DF2040A91A1C86B2009BBD82 /* AppDelegate.m in Sources */ = {isa = PBXBuildFile; fileRef = DF2040A81A1C86B2009BBD82 /* AppDelegate.m */; };
		DF2040AC1A1C86B2009BBD82 /* Content1ViewController.m in Sources */ = {isa = PBXBuildFile; fileRef = DF2040AB1A1C86B2009BBD82 /* Content1ViewController.m */; };
		DF2040B11A1C86B2009BBD82 /* Images.xcassets in Resources */ = {isa = PBXBuildFile; fileRef = DF2040B01A1C86B2009BBD82 /* Images.xcassets */; };
		DF2040B41A1C86B2009BBD82 /* LaunchScreen.xib in Resources */ = {isa = PBXBuildFile; fileRef = DF2040B21A1C86B2009BBD82 /* LaunchScreen.xib */; };
		DF2040C01A1C86B3009BBD82 /* CustomContainerViewControllerTests.m in Sources */ = {isa = PBXBuildFile; fileRef = DF2040BF1A1C86B3009BBD82 /* CustomContainerViewControllerTests.m */; };
		DF2040CF1A1C87D7009BBD82 /* Content2ViewController.m in Sources */ = {isa = PBXBuildFile; fileRef = DF2040CE1A1C87D7009BBD82 /* Content2ViewController.m */; };
		DF2040D21A1C87EE009BBD82 /* ContainerViewController.m in Sources */ = {isa = PBXBuildFile; fileRef = DF2040D11A1C87EE009BBD82 /* ContainerViewController.m */; };
		DF2040D61A1C8E18009BBD82 /* MenuBar.m in Sources */ = {isa = PBXBuildFile; fileRef = DF2040D51A1C8E18009BBD82 /* MenuBar.m */; };
		DF2087A01A1D883200A690E3 /* MenuBarItem.m in Sources */ = {isa = PBXBuildFile; fileRef = DF20879F1A1D883200A690E3 /* MenuBarItem.m */; };
/* End PBXBuildFile section */

/* Begin PBXContainerItemProxy section */
		DF2040BA1A1C86B3009BBD82 /* PBXContainerItemProxy */ = {
			isa = PBXContainerItemProxy;
			containerPortal = DF2040981A1C86B2009BBD82 /* Project object */;
			proxyType = 1;
			remoteGlobalIDString = DF20409F1A1C86B2009BBD82;
			remoteInfo = CustomContainerViewController;
		};
/* End PBXContainerItemProxy section */

/* Begin PBXFileReference section */
		DF2040A01A1C86B2009BBD82 /* CustomContainerViewController.app */ = {isa = PBXFileReference; explicitFileType = wrapper.application; includeInIndex = 0; path = CustomContainerViewController.app; sourceTree = BUILT_PRODUCTS_DIR; };
		DF2040A41A1C86B2009BBD82 /* Info.plist */ = {isa = PBXFileReference; lastKnownFileType = text.plist.xml; path = Info.plist; sourceTree = "<group>"; };
		DF2040A51A1C86B2009BBD82 /* main.m */ = {isa = PBXFileReference; lastKnownFileType = sourcecode.c.objc; path = main.m; sourceTree = "<group>"; };
		DF2040A71A1C86B2009BBD82 /* AppDelegate.h */ = {isa = PBXFileReference; lastKnownFileType = sourcecode.c.h; path = AppDelegate.h; sourceTree = "<group>"; };
		DF2040A81A1C86B2009BBD82 /* AppDelegate.m */ = {isa = PBXFileReference; lastKnownFileType = sourcecode.c.objc; path = AppDelegate.m; sourceTree = "<group>"; };
		DF2040AA1A1C86B2009BBD82 /* Content1ViewController.h */ = {isa = PBXFileReference; lastKnownFileType = sourcecode.c.h; path = Content1ViewController.h; sourceTree = "<group>"; };
		DF2040AB1A1C86B2009BBD82 /* Content1ViewController.m */ = {isa = PBXFileReference; lastKnownFileType = sourcecode.c.objc; path = Content1ViewController.m; sourceTree = "<group>"; };
		DF2040B01A1C86B2009BBD82 /* Images.xcassets */ = {isa = PBXFileReference; lastKnownFileType = folder.assetcatalog; path = Images.xcassets; sourceTree = "<group>"; };
		DF2040B31A1C86B2009BBD82 /* Base */ = {isa = PBXFileReference; lastKnownFileType = file.xib; name = Base; path = Base.lproj/LaunchScreen.xib; sourceTree = "<group>"; };
		DF2040B91A1C86B3009BBD82 /* CustomContainerViewControllerTests.xctest */ = {isa = PBXFileReference; explicitFileType = wrapper.cfbundle; includeInIndex = 0; path = CustomContainerViewControllerTests.xctest; sourceTree = BUILT_PRODUCTS_DIR; };
		DF2040BE1A1C86B3009BBD82 /* Info.plist */ = {isa = PBXFileReference; lastKnownFileType = text.plist.xml; path = Info.plist; sourceTree = "<group>"; };
		DF2040BF1A1C86B3009BBD82 /* CustomContainerViewControllerTests.m */ = {isa = PBXFileReference; lastKnownFileType = sourcecode.c.objc; path = CustomContainerViewControllerTests.m; sourceTree = "<group>"; };
		DF2040CD1A1C87D7009BBD82 /* Content2ViewController.h */ = {isa = PBXFileReference; fileEncoding = 4; lastKnownFileType = sourcecode.c.h; path = Content2ViewController.h; sourceTree = "<group>"; };
		DF2040CE1A1C87D7009BBD82 /* Content2ViewController.m */ = {isa = PBXFileReference; fileEncoding = 4; lastKnownFileType = sourcecode.c.objc; path = Content2ViewController.m; sourceTree = "<group>"; };
		DF2040D01A1C87EE009BBD82 /* ContainerViewController.h */ = {isa = PBXFileReference; fileEncoding = 4; lastKnownFileType = sourcecode.c.h; path = ContainerViewController.h; sourceTree = "<group>"; };
		DF2040D11A1C87EE009BBD82 /* ContainerViewController.m */ = {isa = PBXFileReference; fileEncoding = 4; lastKnownFileType = sourcecode.c.objc; path = ContainerViewController.m; sourceTree = "<group>"; };
		DF2040D41A1C8E18009BBD82 /* MenuBar.h */ = {isa = PBXFileReference; fileEncoding = 4; lastKnownFileType = sourcecode.c.h; path = MenuBar.h; sourceTree = "<group>"; };
		DF2040D51A1C8E18009BBD82 /* MenuBar.m */ = {isa = PBXFileReference; fileEncoding = 4; lastKnownFileType = sourcecode.c.objc; path = MenuBar.m; sourceTree = "<group>"; };
		DF20879E1A1D883200A690E3 /* MenuBarItem.h */ = {isa = PBXFileReference; fileEncoding = 4; lastKnownFileType = sourcecode.c.h; path = MenuBarItem.h; sourceTree = "<group>"; };
		DF20879F1A1D883200A690E3 /* MenuBarItem.m */ = {isa = PBXFileReference; fileEncoding = 4; lastKnownFileType = sourcecode.c.objc; path = MenuBarItem.m; sourceTree = "<group>"; };
/* End PBXFileReference section */

/* Begin PBXFrameworksBuildPhase section */
		DF20409D1A1C86B2009BBD82 /* Frameworks */ = {
			isa = PBXFrameworksBuildPhase;
			buildActionMask = 2147483647;
			files = (
			);
			runOnlyForDeploymentPostprocessing = 0;
		};
		DF2040B61A1C86B3009BBD82 /* Frameworks */ = {
			isa = PBXFrameworksBuildPhase;
			buildActionMask = 2147483647;
			files = (
			);
			runOnlyForDeploymentPostprocessing = 0;
		};
/* End PBXFrameworksBuildPhase section */

/* Begin PBXGroup section */
		DF2040971A1C86B2009BBD82 = {
			isa = PBXGroup;
			children = (
				DF2040A21A1C86B2009BBD82 /* CustomContainerViewController */,
				DF2040BC1A1C86B3009BBD82 /* CustomContainerViewControllerTests */,
				DF2040A11A1C86B2009BBD82 /* Products */,
			);
			sourceTree = "<group>";
		};
		DF2040A11A1C86B2009BBD82 /* Products */ = {
			isa = PBXGroup;
			children = (
				DF2040A01A1C86B2009BBD82 /* CustomContainerViewController.app */,
				DF2040B91A1C86B3009BBD82 /* CustomContainerViewControllerTests.xctest */,
			);
			name = Products;
			sourceTree = "<group>";
		};
		DF2040A21A1C86B2009BBD82 /* CustomContainerViewController */ = {
			isa = PBXGroup;
			children = (
				DF2040CA1A1C86F6009BBD82 /* AppDelegate */,
				DF2040C91A1C86E7009BBD82 /* Controllers */,
				DF2040CB1A1C8701009BBD82 /* Resources */,
				DF2040A31A1C86B2009BBD82 /* Supporting Files */,
				DF2040D31A1C8D08009BBD82 /* Views */,
			);
			path = CustomContainerViewController;
			sourceTree = "<group>";
		};
		DF2040A31A1C86B2009BBD82 /* Supporting Files */ = {
			isa = PBXGroup;
			children = (
				DF2040A41A1C86B2009BBD82 /* Info.plist */,
				DF2040A51A1C86B2009BBD82 /* main.m */,
			);
			name = "Supporting Files";
			sourceTree = "<group>";
		};
		DF2040BC1A1C86B3009BBD82 /* CustomContainerViewControllerTests */ = {
			isa = PBXGroup;
			children = (
				DF2040BF1A1C86B3009BBD82 /* CustomContainerViewControllerTests.m */,
				DF2040BD1A1C86B3009BBD82 /* Supporting Files */,
			);
			path = CustomContainerViewControllerTests;
			sourceTree = "<group>";
		};
		DF2040BD1A1C86B3009BBD82 /* Supporting Files */ = {
			isa = PBXGroup;
			children = (
				DF2040BE1A1C86B3009BBD82 /* Info.plist */,
			);
			name = "Supporting Files";
			sourceTree = "<group>";
		};
		DF2040C91A1C86E7009BBD82 /* Controllers */ = {
			isa = PBXGroup;
			children = (
				DF2040AA1A1C86B2009BBD82 /* Content1ViewController.h */,
				DF2040AB1A1C86B2009BBD82 /* Content1ViewController.m */,
				DF2040CD1A1C87D7009BBD82 /* Content2ViewController.h */,
				DF2040CE1A1C87D7009BBD82 /* Content2ViewController.m */,
				DF2040D01A1C87EE009BBD82 /* ContainerViewController.h */,
				DF2040D11A1C87EE009BBD82 /* ContainerViewController.m */,
			);
			name = Controllers;
			sourceTree = "<group>";
		};
		DF2040CA1A1C86F6009BBD82 /* AppDelegate */ = {
			isa = PBXGroup;
			children = (
				DF2040A71A1C86B2009BBD82 /* AppDelegate.h */,
				DF2040A81A1C86B2009BBD82 /* AppDelegate.m */,
			);
			name = AppDelegate;
			sourceTree = "<group>";
		};
		DF2040CB1A1C8701009BBD82 /* Resources */ = {
			isa = PBXGroup;
			children = (
				DF2040CC1A1C8714009BBD82 /* Xibs */,
				DF2040B01A1C86B2009BBD82 /* Images.xcassets */,
			);
			name = Resources;
			sourceTree = "<group>";
		};
		DF2040CC1A1C8714009BBD82 /* Xibs */ = {
			isa = PBXGroup;
			children = (
				DF2040B21A1C86B2009BBD82 /* LaunchScreen.xib */,
			);
			name = Xibs;
			sourceTree = "<group>";
		};
		DF2040D31A1C8D08009BBD82 /* Views */ = {
			isa = PBXGroup;
			children = (
				DF2040D41A1C8E18009BBD82 /* MenuBar.h */,
				DF2040D51A1C8E18009BBD82 /* MenuBar.m */,
				DF20879E1A1D883200A690E3 /* MenuBarItem.h */,
				DF20879F1A1D883200A690E3 /* MenuBarItem.m */,
			);
			name = Views;
			sourceTree = "<group>";
		};
/* End PBXGroup section */

/* Begin PBXNativeTarget section */
		DF20409F1A1C86B2009BBD82 /* CustomContainerViewController */ = {
			isa = PBXNativeTarget;
			buildConfigurationList = DF2040C31A1C86B3009BBD82 /* Build configuration list for PBXNativeTarget "CustomContainerViewController" */;
			buildPhases = (
				DF20409C1A1C86B2009BBD82 /* Sources */,
				DF20409D1A1C86B2009BBD82 /* Frameworks */,
				DF20409E1A1C86B2009BBD82 /* Resources */,
			);
			buildRules = (
			);
			dependencies = (
			);
			name = CustomContainerViewController;
			productName = CustomContainerViewController;
			productReference = DF2040A01A1C86B2009BBD82 /* CustomContainerViewController.app */;
			productType = "com.apple.product-type.application";
		};
		DF2040B81A1C86B3009BBD82 /* CustomContainerViewControllerTests */ = {
			isa = PBXNativeTarget;
			buildConfigurationList = DF2040C61A1C86B3009BBD82 /* Build configuration list for PBXNativeTarget "CustomContainerViewControllerTests" */;
			buildPhases = (
				DF2040B51A1C86B3009BBD82 /* Sources */,
				DF2040B61A1C86B3009BBD82 /* Frameworks */,
				DF2040B71A1C86B3009BBD82 /* Resources */,
			);
			buildRules = (
			);
			dependencies = (
				DF2040BB1A1C86B3009BBD82 /* PBXTargetDependency */,
			);
			name = CustomContainerViewControllerTests;
			productName = CustomContainerViewControllerTests;
			productReference = DF2040B91A1C86B3009BBD82 /* CustomContainerViewControllerTests.xctest */;
			productType = "com.apple.product-type.bundle.unit-test";
		};
/* End PBXNativeTarget section */

/* Begin PBXProject section */
		DF2040981A1C86B2009BBD82 /* Project object */ = {
			isa = PBXProject;
			attributes = {
				LastUpgradeCheck = 0610;
				ORGANIZATIONNAME = mownier;
				TargetAttributes = {
					DF20409F1A1C86B2009BBD82 = {
						CreatedOnToolsVersion = 6.1;
					};
					DF2040B81A1C86B3009BBD82 = {
						CreatedOnToolsVersion = 6.1;
						TestTargetID = DF20409F1A1C86B2009BBD82;
					};
				};
			};
			buildConfigurationList = DF20409B1A1C86B2009BBD82 /* Build configuration list for PBXProject "CustomContainerViewController" */;
			compatibilityVersion = "Xcode 3.2";
			developmentRegion = English;
			hasScannedForEncodings = 0;
			knownRegions = (
				en,
				Base,
			);
			mainGroup = DF2040971A1C86B2009BBD82;
			productRefGroup = DF2040A11A1C86B2009BBD82 /* Products */;
			projectDirPath = "";
			projectRoot = "";
			targets = (
				DF20409F1A1C86B2009BBD82 /* CustomContainerViewController */,
				DF2040B81A1C86B3009BBD82 /* CustomContainerViewControllerTests */,
			);
		};
/* End PBXProject section */

/* Begin PBXResourcesBuildPhase section */
		DF20409E1A1C86B2009BBD82 /* Resources */ = {
			isa = PBXResourcesBuildPhase;
			buildActionMask = 2147483647;
			files = (
				DF2040B41A1C86B2009BBD82 /* LaunchScreen.xib in Resources */,
				DF2040B11A1C86B2009BBD82 /* Images.xcassets in Resources */,
			);
			runOnlyForDeploymentPostprocessing = 0;
		};
		DF2040B71A1C86B3009BBD82 /* Resources */ = {
			isa = PBXResourcesBuildPhase;
			buildActionMask = 2147483647;
			files = (
			);
			runOnlyForDeploymentPostprocessing = 0;
		};
/* End PBXResourcesBuildPhase section */

/* Begin PBXSourcesBuildPhase section */
		DF20409C1A1C86B2009BBD82 /* Sources */ = {
			isa = PBXSourcesBuildPhase;
			buildActionMask = 2147483647;
			files = (
				DF2040AC1A1C86B2009BBD82 /* Content1ViewController.m in Sources */,
				DF2040A91A1C86B2009BBD82 /* AppDelegate.m in Sources */,
				DF2040A61A1C86B2009BBD82 /* main.m in Sources */,
				DF2087A01A1D883200A690E3 /* MenuBarItem.m in Sources */,
				DF2040CF1A1C87D7009BBD82 /* Content2ViewController.m in Sources */,
				DF2040D61A1C8E18009BBD82 /* MenuBar.m in Sources */,
				DF2040D21A1C87EE009BBD82 /* ContainerViewController.m in Sources */,
			);
			runOnlyForDeploymentPostprocessing = 0;
		};
		DF2040B51A1C86B3009BBD82 /* Sources */ = {
			isa = PBXSourcesBuildPhase;
			buildActionMask = 2147483647;
			files = (
				DF2040C01A1C86B3009BBD82 /* CustomContainerViewControllerTests.m in Sources */,
			);
			runOnlyForDeploymentPostprocessing = 0;
		};
/* End PBXSourcesBuildPhase section */

/* Begin PBXTargetDependency section */
		DF2040BB1A1C86B3009BBD82 /* PBXTargetDependency */ = {
			isa = PBXTargetDependency;
			target = DF20409F1A1C86B2009BBD82 /* CustomContainerViewController */;
			targetProxy = DF2040BA1A1C86B3009BBD82 /* PBXContainerItemProxy */;
		};
/* End PBXTargetDependency section */

/* Begin PBXVariantGroup section */
		DF2040B21A1C86B2009BBD82 /* LaunchScreen.xib */ = {
			isa = PBXVariantGroup;
			children = (
				DF2040B31A1C86B2009BBD82 /* Base */,
			);
			name = LaunchScreen.xib;
			sourceTree = "<group>";
		};
/* End PBXVariantGroup section */

/* Begin XCBuildConfiguration section */
		DF2040C11A1C86B3009BBD82 /* Debug */ = {
			isa = XCBuildConfiguration;
			buildSettings = {
				ALWAYS_SEARCH_USER_PATHS = NO;
				CLANG_CXX_LANGUAGE_STANDARD = "gnu++0x";
				CLANG_CXX_LIBRARY = "libc++";
				CLANG_ENABLE_MODULES = YES;
				CLANG_ENABLE_OBJC_ARC = YES;
				CLANG_WARN_BOOL_CONVERSION = YES;
				CLANG_WARN_CONSTANT_CONVERSION = YES;
				CLANG_WARN_DIRECT_OBJC_ISA_USAGE = YES_ERROR;
				CLANG_WARN_EMPTY_BODY = YES;
				CLANG_WARN_ENUM_CONVERSION = YES;
				CLANG_WARN_INT_CONVERSION = YES;
				CLANG_WARN_OBJC_ROOT_CLASS = YES_ERROR;
				CLANG_WARN_UNREACHABLE_CODE = YES;
				CLANG_WARN__DUPLICATE_METHOD_MATCH = YES;
				"CODE_SIGN_IDENTITY[sdk=iphoneos*]" = "iPhone Developer";
				COPY_PHASE_STRIP = NO;
				ENABLE_STRICT_OBJC_MSGSEND = YES;
				GCC_C_LANGUAGE_STANDARD = gnu99;
				GCC_DYNAMIC_NO_PIC = NO;
				GCC_OPTIMIZATION_LEVEL = 0;
				GCC_PREPROCESSOR_DEFINITIONS = (
					"DEBUG=1",
					"$(inherited)",
				);
				GCC_SYMBOLS_PRIVATE_EXTERN = NO;
				GCC_WARN_64_TO_32_BIT_CONVERSION = YES;
				GCC_WARN_ABOUT_RETURN_TYPE = YES_ERROR;
				GCC_WARN_UNDECLARED_SELECTOR = YES;
				GCC_WARN_UNINITIALIZED_AUTOS = YES_AGGRESSIVE;
				GCC_WARN_UNUSED_FUNCTION = YES;
				GCC_WARN_UNUSED_VARIABLE = YES;
				IPHONEOS_DEPLOYMENT_TARGET = 8.1;
				MTL_ENABLE_DEBUG_INFO = YES;
				ONLY_ACTIVE_ARCH = YES;
				SDKROOT = iphoneos;
			};
			name = Debug;
		};
		DF2040C21A1C86B3009BBD82 /* Release */ = {
			isa = XCBuildConfiguration;
			buildSettings = {
				ALWAYS_SEARCH_USER_PATHS = NO;
				CLANG_CXX_LANGUAGE_STANDARD = "gnu++0x";
				CLANG_CXX_LIBRARY = "libc++";
				CLANG_ENABLE_MODULES = YES;
				CLANG_ENABLE_OBJC_ARC = YES;
				CLANG_WARN_BOOL_CONVERSION = YES;
				CLANG_WARN_CONSTANT_CONVERSION = YES;
				CLANG_WARN_DIRECT_OBJC_ISA_USAGE = YES_ERROR;
				CLANG_WARN_EMPTY_BODY = YES;
				CLANG_WARN_ENUM_CONVERSION = YES;
				CLANG_WARN_INT_CONVERSION = YES;
				CLANG_WARN_OBJC_ROOT_CLASS = YES_ERROR;
				CLANG_WARN_UNREACHABLE_CODE = YES;
				CLANG_WARN__DUPLICATE_METHOD_MATCH = YES;
				"CODE_SIGN_IDENTITY[sdk=iphoneos*]" = "iPhone Developer";
				COPY_PHASE_STRIP = YES;
				ENABLE_NS_ASSERTIONS = NO;
				ENABLE_STRICT_OBJC_MSGSEND = YES;
				GCC_C_LANGUAGE_STANDARD = gnu99;
				GCC_WARN_64_TO_32_BIT_CONVERSION = YES;
				GCC_WARN_ABOUT_RETURN_TYPE = YES_ERROR;
				GCC_WARN_UNDECLARED_SELECTOR = YES;
				GCC_WARN_UNINITIALIZED_AUTOS = YES_AGGRESSIVE;
				GCC_WARN_UNUSED_FUNCTION = YES;
				GCC_WARN_UNUSED_VARIABLE = YES;
				IPHONEOS_DEPLOYMENT_TARGET = 8.1;
				MTL_ENABLE_DEBUG_INFO = NO;
				SDKROOT = iphoneos;
				VALIDATE_PRODUCT = YES;
			};
			name = Release;
		};
		DF2040C41A1C86B3009BBD82 /* Debug */ = {
			isa = XCBuildConfiguration;
			buildSettings = {
				ASSETCATALOG_COMPILER_APPICON_NAME = AppIcon;
				INFOPLIST_FILE = CustomContainerViewController/Info.plist;
				LD_RUNPATH_SEARCH_PATHS = "$(inherited) @executable_path/Frameworks";
				PRODUCT_NAME = "$(TARGET_NAME)";
			};
			name = Debug;
		};
		DF2040C51A1C86B3009BBD82 /* Release */ = {
			isa = XCBuildConfiguration;
			buildSettings = {
				ASSETCATALOG_COMPILER_APPICON_NAME = AppIcon;
				INFOPLIST_FILE = CustomContainerViewController/Info.plist;
				LD_RUNPATH_SEARCH_PATHS = "$(inherited) @executable_path/Frameworks";
				PRODUCT_NAME = "$(TARGET_NAME)";
			};
			name = Release;
		};
		DF2040C71A1C86B3009BBD82 /* Debug */ = {
			isa = XCBuildConfiguration;
			buildSettings = {
				BUNDLE_LOADER = "$(TEST_HOST)";
				FRAMEWORK_SEARCH_PATHS = (
					"$(SDKROOT)/Developer/Library/Frameworks",
					"$(inherited)",
				);
				GCC_PREPROCESSOR_DEFINITIONS = (
					"DEBUG=1",
					"$(inherited)",
				);
				INFOPLIST_FILE = CustomContainerViewControllerTests/Info.plist;
				LD_RUNPATH_SEARCH_PATHS = "$(inherited) @executable_path/Frameworks @loader_path/Frameworks";
				PRODUCT_NAME = "$(TARGET_NAME)";
				TEST_HOST = "$(BUILT_PRODUCTS_DIR)/CustomContainerViewController.app/CustomContainerViewController";
			};
			name = Debug;
		};
		DF2040C81A1C86B3009BBD82 /* Release */ = {
			isa = XCBuildConfiguration;
			buildSettings = {
				BUNDLE_LOADER = "$(TEST_HOST)";
				FRAMEWORK_SEARCH_PATHS = (
					"$(SDKROOT)/Developer/Library/Frameworks",
					"$(inherited)",
				);
				INFOPLIST_FILE = CustomContainerViewControllerTests/Info.plist;
				LD_RUNPATH_SEARCH_PATHS = "$(inherited) @executable_path/Frameworks @loader_path/Frameworks";
				PRODUCT_NAME = "$(TARGET_NAME)";
				TEST_HOST = "$(BUILT_PRODUCTS_DIR)/CustomContainerViewController.app/CustomContainerViewController";
			};
			name = Release;
		};
/* End XCBuildConfiguration section */

/* Begin XCConfigurationList section */
		DF20409B1A1C86B2009BBD82 /* Build configuration list for PBXProject "CustomContainerViewController" */ = {
			isa = XCConfigurationList;
			buildConfigurations = (
				DF2040C11A1C86B3009BBD82 /* Debug */,
				DF2040C21A1C86B3009BBD82 /* Release */,
			);
			defaultConfigurationIsVisible = 0;
			defaultConfigurationName = Release;
		};
		DF2040C31A1C86B3009BBD82 /* Build configuration list for PBXNativeTarget "CustomContainerViewController" */ = {
			isa = XCConfigurationList;
			buildConfigurations = (
				DF2040C41A1C86B3009BBD82 /* Debug */,
				DF2040C51A1C86B3009BBD82 /* Release */,
			);
			defaultConfigurationIsVisible = 0;
			defaultConfigurationName = Release;
		};
		DF2040C61A1C86B3009BBD82 /* Build configuration list for PBXNativeTarget "CustomContainerViewControllerTests" */ = {
			isa = XCConfigurationList;
			buildConfigurations = (
				DF2040C71A1C86B3009BBD82 /* Debug */,
				DF2040C81A1C86B3009BBD82 /* Release */,
			);
			defaultConfigurationIsVisible = 0;
			defaultConfigurationName = Release;
		};
/* End XCConfigurationList section */
	};
	rootObject = DF2040981A1C86B2009BBD82 /* Project object */;
}
